
Microsoft Visual Studio Solution File, Format Version 12.00
# Visual Studio 14
VisualStudioVersion = 14.0.25123.0
MinimumVisualStudioVersion = 10.0.40219.1
Project("{FAE04EC0-301F-11D3-BF4B-00C04F79EFBC}") = "FileWorker", "Task1\FileWorker.csproj", "{35A6F41D-C534-45FB-B813-A284F11D93A5}"
EndProject
Project("{FAE04EC0-301F-11D3-BF4B-00C04F79EFBC}") = "FrameworkDesign", "Task2\FrameworkDesign.csproj", "{8E99E84C-3F2F-4FAE-B953-31AF564A37B5}"
EndProject
Project("{FAE04EC0-301F-11D3-BF4B-00C04F79EFBC}") = "QuadraticEquation", "Task3_Library\QuadraticEquation.csproj", "{0C7BADF6-6C4A-4208-B7A8-180132DC919B}"
EndProject
Project("{FAE04EC0-301F-11D3-BF4B-00C04F79EFBC}") = "QuadraticDecision", "Task3_Console\QuadraticDecision.csproj", "{FC17FCAF-F299-4550-BF0D-39E2AC167F8A}"
EndProject
Project("{FAE04EC0-301F-11D3-BF4B-00C04F79EFBC}") = "RunnerMatrix", "RunnerMatrix\RunnerMatrix.csproj", "{921C7434-126D-482F-A6E3-DDE2813F6925}"
EndProject
Project("{FAE04EC0-301F-11D3-BF4B-00C04F79EFBC}") = "TestForBussinessLogic", "TestForBussinessLogic\TestForBussinessLogic.csproj", "{93B72E7B-A80A-4765-AD34-2F76E2F14124}"
EndProject
Global
	GlobalSection(SolutionConfigurationPlatforms) = preSolution
		Debug|Any CPU = Debug|Any CPU
		Release|Any CPU = Release|Any CPU
	EndGlobalSection
	GlobalSection(ProjectConfigurationPlatforms) = postSolution
		{35A6F41D-C534-45FB-B813-A284F11D93A5}.Debug|Any CPU.ActiveCfg = Debug|Any CPU
		{35A6F41D-C534-45FB-B813-A284F11D93A5}.Debug|Any CPU.Build.0 = Debug|Any CPU
		{35A6F41D-C534-45FB-B813-A284F11D93A5}.Release|Any CPU.ActiveCfg = Release|Any CPU
		{35A6F41D-C534-45FB-B813-A284F11D93A5}.Release|Any CPU.Build.0 = Release|Any CPU
		{8E99E84C-3F2F-4FAE-B953-31AF564A37B5}.Debug|Any CPU.ActiveCfg = Debug|Any CPU
		{8E99E84C-3F2F-4FAE-B953-31AF564A37B5}.Debug|Any CPU.Build.0 = Debug|Any CPU
		{8E99E84C-3F2F-4FAE-B953-31AF564A37B5}.Release|Any CPU.ActiveCfg = Release|Any CPU
		{8E99E84C-3F2F-4FAE-B953-31AF564A37B5}.Release|Any CPU.Build.0 = Release|Any CPU
		{0C7BADF6-6C4A-4208-B7A8-180132DC919B}.Debug|Any CPU.ActiveCfg = Debug|Any CPU
		{0C7BADF6-6C4A-4208-B7A8-180132DC919B}.Debug|Any CPU.Build.0 = Debug|Any CPU
		{0C7BADF6-6C4A-4208-B7A8-180132DC919B}.Release|Any CPU.ActiveCfg = Release|Any CPU
		{0C7BADF6-6C4A-4208-B7A8-180132DC919B}.Release|Any CPU.Build.0 = Release|Any CPU
		{FC17FCAF-F299-4550-BF0D-39E2AC167F8A}.Debug|Any CPU.ActiveCfg = Debug|Any CPU
		{FC17FCAF-F299-4550-BF0D-39E2AC167F8A}.Debug|Any CPU.Build.0 = Debug|Any CPU
		{FC17FCAF-F299-4550-BF0D-39E2AC167F8A}.Release|Any CPU.ActiveCfg = Release|Any CPU
		{FC17FCAF-F299-4550-BF0D-39E2AC167F8A}.Release|Any CPU.Build.0 = Release|Any CPU
		{921C7434-126D-482F-A6E3-DDE2813F6925}.Debug|Any CPU.ActiveCfg = Debug|Any CPU
		{921C7434-126D-482F-A6E3-DDE2813F6925}.Debug|Any CPU.Build.0 = Debug|Any CPU
		{921C7434-126D-482F-A6E3-DDE2813F6925}.Release|Any CPU.ActiveCfg = Release|Any CPU
		{921C7434-126D-482F-A6E3-DDE2813F6925}.Release|Any CPU.Build.0 = Release|Any CPU
		{93B72E7B-A80A-4765-AD34-2F76E2F14124}.Debug|Any CPU.ActiveCfg = Debug|Any CPU
		{93B72E7B-A80A-4765-AD34-2F76E2F14124}.Debug|Any CPU.Build.0 = Debug|Any CPU
		{93B72E7B-A80A-4765-AD34-2F76E2F14124}.Release|Any CPU.ActiveCfg = Release|Any CPU
		{93B72E7B-A80A-4765-AD34-2F76E2F14124}.Release|Any CPU.Build.0 = Release|Any CPU
	EndGlobalSection
	GlobalSection(SolutionProperties) = preSolution
		HideSolutionNode = FALSE
	EndGlobalSection
EndGlobal
