
Microsoft Visual Studio Solution File, Format Version 12.00
# Visual Studio 14
VisualStudioVersion = 14.0.25123.0
MinimumVisualStudioVersion = 10.0.40219.1
Project("{FAE04EC0-301F-11D3-BF4B-00C04F79EFBC}") = "Task1", "Task1\Task1.csproj", "{1E38934F-1F1C-45F7-B908-4C7BD6017FA7}"
EndProject
Project("{FAE04EC0-301F-11D3-BF4B-00C04F79EFBC}") = "Task2", "Task2\Task2.csproj", "{88E6174D-7EFC-4CC4-9255-A75B4BF4E797}"
EndProject
Project("{FAE04EC0-301F-11D3-BF4B-00C04F79EFBC}") = "Runner", "Runner\Runner.csproj", "{199BFE7A-FB82-4A90-A404-C24E47F613AC}"
EndProject
Project("{FAE04EC0-301F-11D3-BF4B-00C04F79EFBC}") = "Task3", "Task3\Task3.csproj", "{23841247-7A31-4429-A2AE-2BB6CCFA195B}"
EndProject
Project("{FAE04EC0-301F-11D3-BF4B-00C04F79EFBC}") = "Task4", "Task4\Task4.csproj", "{906C76BB-9ADC-4F6F-99BB-04AEA688449D}"
EndProject
Project("{FAE04EC0-301F-11D3-BF4B-00C04F79EFBC}") = "Task5", "Task5\Task5.csproj", "{A6DCA809-D792-4545-B2EC-3B628D1F61FB}"
EndProject
Global
	GlobalSection(SolutionConfigurationPlatforms) = preSolution
		Debug|Any CPU = Debug|Any CPU
		Release|Any CPU = Release|Any CPU
	EndGlobalSection
	GlobalSection(ProjectConfigurationPlatforms) = postSolution
		{1E38934F-1F1C-45F7-B908-4C7BD6017FA7}.Debug|Any CPU.ActiveCfg = Debug|Any CPU
		{1E38934F-1F1C-45F7-B908-4C7BD6017FA7}.Debug|Any CPU.Build.0 = Debug|Any CPU
		{1E38934F-1F1C-45F7-B908-4C7BD6017FA7}.Release|Any CPU.ActiveCfg = Release|Any CPU
		{1E38934F-1F1C-45F7-B908-4C7BD6017FA7}.Release|Any CPU.Build.0 = Release|Any CPU
		{88E6174D-7EFC-4CC4-9255-A75B4BF4E797}.Debug|Any CPU.ActiveCfg = Debug|Any CPU
		{88E6174D-7EFC-4CC4-9255-A75B4BF4E797}.Debug|Any CPU.Build.0 = Debug|Any CPU
		{88E6174D-7EFC-4CC4-9255-A75B4BF4E797}.Release|Any CPU.ActiveCfg = Release|Any CPU
		{88E6174D-7EFC-4CC4-9255-A75B4BF4E797}.Release|Any CPU.Build.0 = Release|Any CPU
		{199BFE7A-FB82-4A90-A404-C24E47F613AC}.Debug|Any CPU.ActiveCfg = Debug|Any CPU
		{199BFE7A-FB82-4A90-A404-C24E47F613AC}.Debug|Any CPU.Build.0 = Debug|Any CPU
		{199BFE7A-FB82-4A90-A404-C24E47F613AC}.Release|Any CPU.ActiveCfg = Release|Any CPU
		{199BFE7A-FB82-4A90-A404-C24E47F613AC}.Release|Any CPU.Build.0 = Release|Any CPU
		{23841247-7A31-4429-A2AE-2BB6CCFA195B}.Debug|Any CPU.ActiveCfg = Debug|Any CPU
		{23841247-7A31-4429-A2AE-2BB6CCFA195B}.Debug|Any CPU.Build.0 = Debug|Any CPU
		{23841247-7A31-4429-A2AE-2BB6CCFA195B}.Release|Any CPU.ActiveCfg = Release|Any CPU
		{23841247-7A31-4429-A2AE-2BB6CCFA195B}.Release|Any CPU.Build.0 = Release|Any CPU
		{906C76BB-9ADC-4F6F-99BB-04AEA688449D}.Debug|Any CPU.ActiveCfg = Debug|Any CPU
		{906C76BB-9ADC-4F6F-99BB-04AEA688449D}.Debug|Any CPU.Build.0 = Debug|Any CPU
		{906C76BB-9ADC-4F6F-99BB-04AEA688449D}.Release|Any CPU.ActiveCfg = Release|Any CPU
		{906C76BB-9ADC-4F6F-99BB-04AEA688449D}.Release|Any CPU.Build.0 = Release|Any CPU
		{A6DCA809-D792-4545-B2EC-3B628D1F61FB}.Debug|Any CPU.ActiveCfg = Debug|Any CPU
		{A6DCA809-D792-4545-B2EC-3B628D1F61FB}.Debug|Any CPU.Build.0 = Debug|Any CPU
		{A6DCA809-D792-4545-B2EC-3B628D1F61FB}.Release|Any CPU.ActiveCfg = Release|Any CPU
		{A6DCA809-D792-4545-B2EC-3B628D1F61FB}.Release|Any CPU.Build.0 = Release|Any CPU
	EndGlobalSection
	GlobalSection(SolutionProperties) = preSolution
		HideSolutionNode = FALSE
	EndGlobalSection
EndGlobal
